
Microsoft Visual Studio Solution File, Format Version 12.00
# Visual Studio Version 17
VisualStudioVersion = 17.3.32901.215
MinimumVisualStudioVersion = 10.0.40219.1
Project("{9A19103F-16F7-4668-BE54-9A1E7A4F7556}") = "FullProductAssesment", "FullProductAssesment\FullProductAssesment.csproj", "{38364397-7FB8-4D8E-8CA6-F1CC9D75222F}"
EndProject
Project("{FAE04EC0-301F-11D3-BF4B-00C04F79EFBC}") = "WinFormsAdminApp", "WinFormsAdminApp\WinFormsAdminApp.csproj", "{798C1ABE-0A24-45C8-8817-932F12F53F42}"
EndProject
Global
	GlobalSection(SolutionConfigurationPlatforms) = preSolution
		Debug|Any CPU = Debug|Any CPU
		Release|Any CPU = Release|Any CPU
	EndGlobalSection
	GlobalSection(ProjectConfigurationPlatforms) = postSolution
		{38364397-7FB8-4D8E-8CA6-F1CC9D75222F}.Debug|Any CPU.ActiveCfg = Debug|Any CPU
		{38364397-7FB8-4D8E-8CA6-F1CC9D75222F}.Debug|Any CPU.Build.0 = Debug|Any CPU
		{38364397-7FB8-4D8E-8CA6-F1CC9D75222F}.Release|Any CPU.ActiveCfg = Release|Any CPU
		{38364397-7FB8-4D8E-8CA6-F1CC9D75222F}.Release|Any CPU.Build.0 = Release|Any CPU
		{798C1ABE-0A24-45C8-8817-932F12F53F42}.Debug|Any CPU.ActiveCfg = Debug|Any CPU
		{798C1ABE-0A24-45C8-8817-932F12F53F42}.Debug|Any CPU.Build.0 = Debug|Any CPU
		{798C1ABE-0A24-45C8-8817-932F12F53F42}.Release|Any CPU.ActiveCfg = Release|Any CPU
		{798C1ABE-0A24-45C8-8817-932F12F53F42}.Release|Any CPU.Build.0 = Release|Any CPU
	EndGlobalSection
	GlobalSection(SolutionProperties) = preSolution
		HideSolutionNode = FALSE
	EndGlobalSection
	GlobalSection(ExtensibilityGlobals) = postSolution
		SolutionGuid = {314C3D7B-C92A-44FB-ABAE-35DBC7626ED8}
	EndGlobalSection
EndGlobal
